
Microsoft Visual Studio Solution File, Format Version 12.00
# Visual Studio Version 17
VisualStudioVersion = 17.3.32901.215
MinimumVisualStudioVersion = 10.0.40219.1
Project("{FAE04EC0-301F-11D3-BF4B-00C04F79EFBC}") = "Kitaplik", "Kitaplik\Kitaplik.csproj", "{DCD647B5-7CAE-4924-BD70-CEDF8CA72DDA}"
EndProject
Global
	GlobalSection(SolutionConfigurationPlatforms) = preSolution
		Debug|Any CPU = Debug|Any CPU
		Release|Any CPU = Release|Any CPU
	EndGlobalSection
	GlobalSection(ProjectConfigurationPlatforms) = postSolution
		{DCD647B5-7CAE-4924-BD70-CEDF8CA72DDA}.Debug|Any CPU.ActiveCfg = Debug|Any CPU
		{DCD647B5-7CAE-4924-BD70-CEDF8CA72DDA}.Debug|Any CPU.Build.0 = Debug|Any CPU
		{DCD647B5-7CAE-4924-BD70-CEDF8CA72DDA}.Release|Any CPU.ActiveCfg = Release|Any CPU
		{DCD647B5-7CAE-4924-BD70-CEDF8CA72DDA}.Release|Any CPU.Build.0 = Release|Any CPU
	EndGlobalSection
	GlobalSection(SolutionProperties) = preSolution
		HideSolutionNode = FALSE
	EndGlobalSection
	GlobalSection(ExtensibilityGlobals) = postSolution
		SolutionGuid = {757A6555-56CE-45A8-A980-EA32664F22F0}
	EndGlobalSection
EndGlobal
